
Microsoft Visual Studio Solution File, Format Version 12.00
# Visual Studio Version 17
VisualStudioVersion = 17.11.35222.181
MinimumVisualStudioVersion = 10.0.40219.1
Project("{FAE04EC0-301F-11D3-BF4B-00C04F79EFBC}") = "aaa", "aaa.csproj", "{B9B1CB59-E94D-48BC-8287-B4EB2FD1701F}"
EndProject
Global
	GlobalSection(SolutionConfigurationPlatforms) = preSolution
		Debug|Any CPU = Debug|Any CPU
		Release|Any CPU = Release|Any CPU
	EndGlobalSection
	GlobalSection(ProjectConfigurationPlatforms) = postSolution
		{B9B1CB59-E94D-48BC-8287-B4EB2FD1701F}.Debug|Any CPU.ActiveCfg = Debug|Any CPU
		{B9B1CB59-E94D-48BC-8287-B4EB2FD1701F}.Debug|Any CPU.Build.0 = Debug|Any CPU
		{B9B1CB59-E94D-48BC-8287-B4EB2FD1701F}.Release|Any CPU.ActiveCfg = Release|Any CPU
		{B9B1CB59-E94D-48BC-8287-B4EB2FD1701F}.Release|Any CPU.Build.0 = Release|Any CPU
	EndGlobalSection
	GlobalSection(SolutionProperties) = preSolution
		HideSolutionNode = FALSE
	EndGlobalSection
	GlobalSection(ExtensibilityGlobals) = postSolution
		SolutionGuid = {B11810F6-144A-4F4A-B0B4-7BA5DB2864AA}
	EndGlobalSection
EndGlobal
